{"1.2.0",
[{<<"bert">>,{pkg,<<"bert">>,<<"0.1.0">>},0},
 {<<"cowlib">>,{pkg,<<"cowlib">>,<<"2.10.1">>},1},
 {<<"gen_batch_server">>,{pkg,<<"gen_batch_server">>,<<"0.8.6">>},0},
 {<<"gun">>,{pkg,<<"gun">>,<<"2.0.0-rc.1">>},0},
 {<<"jsone">>,{pkg,<<"jsone">>,<<"1.6.1">>},0}]}.
[
{pkg_hash,[
 {<<"bert">>, <<"A87D6693515070A9B287C1043CB7E5B2406BE0357685022764BFBD2609703555">>},
 {<<"cowlib">>, <<"5442EB6B4EB1EB7F34DF38145ECB59BA15932FA6465C1C10DC47C7EB91DEA8CD">>},
 {<<"gen_batch_server">>, <<"712E589A644AFB1DF4EE7B3A3E6182280086631ED5C3283394A27694FE16C0A9">>},
 {<<"gun">>, <<"B87D81DAD83F41FA3F2CBF1A923EAE44C5CE559A7006728D47888C3E7EB7A6CE">>},
 {<<"jsone">>, <<"7EA1098FE004C4127320FE0E3CF6A951B01F82039FEAA56C322DC7E34DD59762">>}]},
{pkg_hash_ext,[
 {<<"bert">>, <<"2A561521EC3529B248658A3E2D3D4BFE6729B0AB8291C701BF15EF413EDA1506">>},
 {<<"cowlib">>, <<"9B4271E10228E6877199F1D698EAA3B32E69AE82CC68E1443C5CA8E774089A44">>},
 {<<"gen_batch_server">>, <<"B78679349168F27D7047F3283C9D766760B234D98C762ACA9A1907F4EE3FD406">>},
 {<<"gun">>, <<"459E7C843C894F69878DF60378E7FA4A4B5504A00066C02138D084435C2C7968">>},
 {<<"jsone">>, <<"A6C1DF6081DF742068D2ED747A4FE8A7740C56421B53E02BC9D4907DD3502922">>}]}
].
